
Microsoft Visual Studio Solution File, Format Version 12.00
# Visual Studio Version 17
VisualStudioVersion = 17.5.001.0
MinimumVisualStudioVersion = 10.0.40219.1
Project("{9A19103F-16F7-4668-BE54-9A1E7A4F7556}") = "LojaWeb", "LojaWeb.csproj", "{123AFB7C-729E-4898-856A-2801303EB651}"
EndProject
Global
	GlobalSection(SolutionConfigurationPlatforms) = preSolution
		Debug|Any CPU = Debug|Any CPU
		Release|Any CPU = Release|Any CPU
	EndGlobalSection
	GlobalSection(ProjectConfigurationPlatforms) = postSolution
		{123AFB7C-729E-4898-856A-2801303EB651}.Debug|Any CPU.ActiveCfg = Debug|Any CPU
		{123AFB7C-729E-4898-856A-2801303EB651}.Debug|Any CPU.Build.0 = Debug|Any CPU
		{123AFB7C-729E-4898-856A-2801303EB651}.Release|Any CPU.ActiveCfg = Release|Any CPU
		{123AFB7C-729E-4898-856A-2801303EB651}.Release|Any CPU.Build.0 = Release|Any CPU
	EndGlobalSection
	GlobalSection(SolutionProperties) = preSolution
		HideSolutionNode = FALSE
	EndGlobalSection
	GlobalSection(ExtensibilityGlobals) = postSolution
		SolutionGuid = {F6AF9D44-167B-4DB3-B31B-F0B03BDA0746}
	EndGlobalSection
EndGlobal
